// !$*UTF8*$!
{
	archiveVersion = 1;
	classes = {
	};
	objectVersion = 46;
	objects = {

/* Begin PBXBuildFile section */
		59040F6F1E6077680089CE75 /* AppDelegate.swift in Sources */ = {isa = PBXBuildFile; fileRef = 59040F6E1E6077680089CE75 /* AppDelegate.swift */; };
		59040F711E6077680089CE75 /* ViewController.swift in Sources */ = {isa = PBXBuildFile; fileRef = 59040F701E6077680089CE75 /* ViewController.swift */; };
		59040F741E6077680089CE75 /* Main.storyboard in Resources */ = {isa = PBXBuildFile; fileRef = 59040F721E6077680089CE75 /* Main.storyboard */; };
		59040F761E6077680089CE75 /* Assets.xcassets in Resources */ = {isa = PBXBuildFile; fileRef = 59040F751E6077680089CE75 /* Assets.xcassets */; };
		59040F791E6077680089CE75 /* LaunchScreen.storyboard in Resources */ = {isa = PBXBuildFile; fileRef = 59040F771E6077680089CE75 /* LaunchScreen.storyboard */; };
/* End PBXBuildFile section */

/* Begin PBXFileReference section */
		59040F6B1E6077680089CE75 /* inkDEPTHbasics.app */ = {isa = PBXFileReference; explicitFileType = wrapper.application; includeInIndex = 0; path = inkDEPTHbasics.app; sourceTree = BUILT_PRODUCTS_DIR; };
		59040F6E1E6077680089CE75 /* AppDelegate.swift */ = {isa = PBXFileReference; lastKnownFileType = sourcecode.swift; path = AppDelegate.swift; sourceTree = "<group>"; };
		59040F701E6077680089CE75 /* ViewController.swift */ = {isa = PBXFileReference; lastKnownFileType = sourcecode.swift; path = ViewController.swift; sourceTree = "<group>"; };
		59040F731E6077680089CE75 /* Base */ = {isa = PBXFileReference; lastKnownFileType = file.storyboard; name = Base; path = Base.lproj/Main.storyboard; sourceTree = "<group>"; };
		59040F751E6077680089CE75 /* Assets.xcassets */ = {isa = PBXFileReference; lastKnownFileType = folder.assetcatalog; path = Assets.xcassets; sourceTree = "<group>"; };
		59040F781E6077680089CE75 /* Base */ = {isa = PBXFileReference; lastKnownFileType = file.storyboard; name = Base; path = Base.lproj/LaunchScreen.storyboard; sourceTree = "<group>"; };
		59040F7A1E6077680089CE75 /* Info.plist */ = {isa = PBXFileReference; lastKnownFileType = text.plist.xml; path = Info.plist; sourceTree = "<group>"; };
/* End PBXFileReference section */

/* Begin PBXFrameworksBuildPhase section */
		59040F681E6077680089CE75 /* Frameworks */ = {
			isa = PBXFrameworksBuildPhase;
			buildActionMask = 2147483647;
			files = (
			);
			runOnlyForDeploymentPostprocessing = 0;
		};
/* End PBXFrameworksBuildPhase section */

/* Begin PBXGroup section */
		59040F621E6077680089CE75 = {
			isa = PBXGroup;
			children = (
				59040F6D1E6077680089CE75 /* inkDEPTHbasics */,
				59040F6C1E6077680089CE75 /* Products */,
			);
			sourceTree = "<group>";
		};
		59040F6C1E6077680089CE75 /* Products */ = {
			isa = PBXGroup;
			children = (
				59040F6B1E6077680089CE75 /* inkDEPTHbasics.app */,
			);
			name = Products;
			sourceTree = "<group>";
		};
		59040F6D1E6077680089CE75 /* inkDEPTHbasics */ = {
			isa = PBXGroup;
			children = (
				59040F6E1E6077680089CE75 /* AppDelegate.swift */,
				59040F701E6077680089CE75 /* ViewController.swift */,
				59040F721E6077680089CE75 /* Main.storyboard */,
				59040F751E6077680089CE75 /* Assets.xcassets */,
				59040F771E6077680089CE75 /* LaunchScreen.storyboard */,
				59040F7A1E6077680089CE75 /* Info.plist */,
			);
			path = inkDEPTHbasics;
			sourceTree = "<group>";
		};
/* End PBXGroup section */

/* Begin PBXNativeTarget section */
		59040F6A1E6077680089CE75 /* inkDEPTHbasics */ = {
			isa = PBXNativeTarget;
			buildConfigurationList = 59040F7D1E6077680089CE75 /* Build configuration list for PBXNativeTarget "inkDEPTHbasics" */;
			buildPhases = (
				59040F671E6077680089CE75 /* Sources */,
				59040F681E6077680089CE75 /* Frameworks */,
				59040F691E6077680089CE75 /* Resources */,
			);
			buildRules = (
			);
			dependencies = (
			);
			name = inkDEPTHbasics;
			productName = inkDEPTHbasics;
			productReference = 59040F6B1E6077680089CE75 /* inkDEPTHbasics.app */;
			productType = "com.apple.product-type.application";
		};
/* End PBXNativeTarget section */

/* Begin PBXProject section */
		59040F631E6077680089CE75 /* Project object */ = {
			isa = PBXProject;
			attributes = {
				LastSwiftUpdateCheck = 0820;
				LastUpgradeCheck = 0820;
				ORGANIZATIONNAME = INKdepth;
				TargetAttributes = {
					59040F6A1E6077680089CE75 = {
						CreatedOnToolsVersion = 8.2.1;
						DevelopmentTeam = 22766FU6YG;
						ProvisioningStyle = Automatic;
					};
				};
			};
			buildConfigurationList = 59040F661E6077680089CE75 /* Build configuration list for PBXProject "inkDEPTHbasics" */;
			compatibilityVersion = "Xcode 3.2";
			developmentRegion = English;
			hasScannedForEncodings = 0;
			knownRegions = (
				en,
				Base,
			);
			mainGroup = 59040F621E6077680089CE75;
			productRefGroup = 59040F6C1E6077680089CE75 /* Products */;
			projectDirPath = "";
			projectRoot = "";
			targets = (
				59040F6A1E6077680089CE75 /* inkDEPTHbasics */,
			);
		};
/* End PBXProject section */

/* Begin PBXResourcesBuildPhase section */
		59040F691E6077680089CE75 /* Resources */ = {
			isa = PBXResourcesBuildPhase;
			buildActionMask = 2147483647;
			files = (
				59040F791E6077680089CE75 /* LaunchScreen.storyboard in Resources */,
				59040F761E6077680089CE75 /* Assets.xcassets in Resources */,
				59040F741E6077680089CE75 /* Main.storyboard in Resources */,
			);
			runOnlyForDeploymentPostprocessing = 0;
		};
/* End PBXResourcesBuildPhase section */

/* Begin PBXSourcesBuildPhase section */
		59040F671E6077680089CE75 /* Sources */ = {
			isa = PBXSourcesBuildPhase;
			buildActionMask = 2147483647;
			files = (
				59040F711E6077680089CE75 /* ViewController.swift in Sources */,
				59040F6F1E6077680089CE75 /* AppDelegate.swift in Sources */,
			);
			runOnlyForDeploymentPostprocessing = 0;
		};
/* End PBXSourcesBuildPhase section */

/* Begin PBXVariantGroup section */
		59040F721E6077680089CE75 /* Main.storyboard */ = {
			isa = PBXVariantGroup;
			children = (
				59040F731E6077680089CE75 /* Base */,
			);
			name = Main.storyboard;
			sourceTree = "<group>";
		};
		59040F771E6077680089CE75 /* LaunchScreen.storyboard */ = {
			isa = PBXVariantGroup;
			children = (
				59040F781E6077680089CE75 /* Base */,
			);
			name = LaunchScreen.storyboard;
			sourceTree = "<group>";
		};
/* End PBXVariantGroup section */

/* Begin XCBuildConfiguration section */
		59040F7B1E6077680089CE75 /* Debug */ = {
			isa = XCBuildConfiguration;
			buildSettings = {
				ALWAYS_SEARCH_USER_PATHS = NO;
				CLANG_ANALYZER_NONNULL = YES;
				CLANG_CXX_LANGUAGE_STANDARD = "gnu++0x";
				CLANG_CXX_LIBRARY = "libc++";
				CLANG_ENABLE_MODULES = YES;
				CLANG_ENABLE_OBJC_ARC = YES;
				CLANG_WARN_BOOL_CONVERSION = YES;
				CLANG_WARN_CONSTANT_CONVERSION = YES;
				CLANG_WARN_DIRECT_OBJC_ISA_USAGE = YES_ERROR;
				CLANG_WARN_DOCUMENTATION_COMMENTS = YES;
				CLANG_WARN_EMPTY_BODY = YES;
				CLANG_WARN_ENUM_CONVERSION = YES;
				CLANG_WARN_INFINITE_RECURSION = YES;
				CLANG_WARN_INT_CONVERSION = YES;
				CLANG_WARN_OBJC_ROOT_CLASS = YES_ERROR;
				CLANG_WARN_SUSPICIOUS_MOVE = YES;
				CLANG_WARN_UNREACHABLE_CODE = YES;
				CLANG_WARN__DUPLICATE_METHOD_MATCH = YES;
				"CODE_SIGN_IDENTITY[sdk=iphoneos*]" = "iPhone Developer";
				COPY_PHASE_STRIP = NO;
				DEBUG_INFORMATION_FORMAT = dwarf;
				ENABLE_STRICT_OBJC_MSGSEND = YES;
				ENABLE_TESTABILITY = YES;
				GCC_C_LANGUAGE_STANDARD = gnu99;
				GCC_DYNAMIC_NO_PIC = NO;
				GCC_NO_COMMON_BLOCKS = YES;
				GCC_OPTIMIZATION_LEVEL = 0;
				GCC_PREPROCESSOR_DEFINITIONS = (
					"DEBUG=1",
					"$(inherited)",
				);
				GCC_WARN_64_TO_32_BIT_CONVERSION = YES;
				GCC_WARN_ABOUT_RETURN_TYPE = YES_ERROR;
				GCC_WARN_UNDECLARED_SELECTOR = YES;
				GCC_WARN_UNINITIALIZED_AUTOS = YES_AGGRESSIVE;
				GCC_WARN_UNUSED_FUNCTION = YES;
				GCC_WARN_UNUSED_VARIABLE = YES;
				IPHONEOS_DEPLOYMENT_TARGET = 10.2;
				MTL_ENABLE_DEBUG_INFO = YES;
				ONLY_ACTIVE_ARCH = YES;
				SDKROOT = iphoneos;
				SWIFT_ACTIVE_COMPILATION_CONDITIONS = DEBUG;
				SWIFT_OPTIMIZATION_LEVEL = "-Onone";
				TARGETED_DEVICE_FAMILY = "1,2";
			};
			name = Debug;
		};
		59040F7C1E6077680089CE75 /* Release */ = {
			isa = XCBuildConfiguration;
			buildSettings = {
				ALWAYS_SEARCH_USER_PATHS = NO;
				CLANG_ANALYZER_NONNULL = YES;
				CLANG_CXX_LANGUAGE_STANDARD = "gnu++0x";
				CLANG_CXX_LIBRARY = "libc++";
				CLANG_ENABLE_MODULES = YES;
				CLANG_ENABLE_OBJC_ARC = YES;
				CLANG_WARN_BOOL_CONVERSION = YES;
				CLANG_WARN_CONSTANT_CONVERSION = YES;
				CLANG_WARN_DIRECT_OBJC_ISA_USAGE = YES_ERROR;
				CLANG_WARN_DOCUMENTATION_COMMENTS = YES;
				CLANG_WARN_EMPTY_BODY = YES;
				CLANG_WARN_ENUM_CONVERSION = YES;
				CLANG_WARN_INFINITE_RECURSION = YES;
				CLANG_WARN_INT_CONVERSION = YES;
				CLANG_WARN_OBJC_ROOT_CLASS = YES_ERROR;
				CLANG_WARN_SUSPICIOUS_MOVE = YES;
				CLANG_WARN_UNREACHABLE_CODE = YES;
				CLANG_WARN__DUPLICATE_METHOD_MATCH = YES;
				"CODE_SIGN_IDENTITY[sdk=iphoneos*]" = "iPhone Developer";
				COPY_PHASE_STRIP = NO;
				DEBUG_INFORMATION_FORMAT = "dwarf-with-dsym";
				ENABLE_NS_ASSERTIONS = NO;
				ENABLE_STRICT_OBJC_MSGSEND = YES;
				GCC_C_LANGUAGE_STANDARD = gnu99;
				GCC_NO_COMMON_BLOCKS = YES;
				GCC_WARN_64_TO_32_BIT_CONVERSION = YES;
				GCC_WARN_ABOUT_RETURN_TYPE = YES_ERROR;
				GCC_WARN_UNDECLARED_SELECTOR = YES;
				GCC_WARN_UNINITIALIZED_AUTOS = YES_AGGRESSIVE;
				GCC_WARN_UNUSED_FUNCTION = YES;
				GCC_WARN_UNUSED_VARIABLE = YES;
				IPHONEOS_DEPLOYMENT_TARGET = 10.2;
				MTL_ENABLE_DEBUG_INFO = NO;
				SDKROOT = iphoneos;
				SWIFT_OPTIMIZATION_LEVEL = "-Owholemodule";
				TARGETED_DEVICE_FAMILY = "1,2";
				VALIDATE_PRODUCT = YES;
			};
			name = Release;
		};
		59040F7E1E6077680089CE75 /* Debug */ = {
			isa = XCBuildConfiguration;
			buildSettings = {
				ASSETCATALOG_COMPILER_APPICON_NAME = AppIcon;
				DEVELOPMENT_TEAM = 22766FU6YG;
				INFOPLIST_FILE = inkDEPTHbasics/Info.plist;
				LD_RUNPATH_SEARCH_PATHS = "$(inherited) @executable_path/Frameworks";
				PRODUCT_BUNDLE_IDENTIFIER = com.INKdepth.inkDEPTHbasics;
				PRODUCT_NAME = "$(TARGET_NAME)";
				SWIFT_VERSION = 3.0;
			};
			name = Debug;
		};
		59040F7F1E6077680089CE75 /* Release */ = {
			isa = XCBuildConfiguration;
			buildSettings = {
				ASSETCATALOG_COMPILER_APPICON_NAME = AppIcon;
				DEVELOPMENT_TEAM = 22766FU6YG;
				INFOPLIST_FILE = inkDEPTHbasics/Info.plist;
				LD_RUNPATH_SEARCH_PATHS = "$(inherited) @executable_path/Frameworks";
				PRODUCT_BUNDLE_IDENTIFIER = com.INKdepth.inkDEPTHbasics;
				PRODUCT_NAME = "$(TARGET_NAME)";
				SWIFT_VERSION = 3.0;
			};
			name = Release;
		};
/* End XCBuildConfiguration section */

/* Begin XCConfigurationList section */
		59040F661E6077680089CE75 /* Build configuration list for PBXProject "inkDEPTHbasics" */ = {
			isa = XCConfigurationList;
			buildConfigurations = (
				59040F7B1E6077680089CE75 /* Debug */,
				59040F7C1E6077680089CE75 /* Release */,
			);
			defaultConfigurationIsVisible = 0;
			defaultConfigurationName = Release;
		};
		59040F7D1E6077680089CE75 /* Build configuration list for PBXNativeTarget "inkDEPTHbasics" */ = {
			isa = XCConfigurationList;
			buildConfigurations = (
				59040F7E1E6077680089CE75 /* Debug */,
				59040F7F1E6077680089CE75 /* Release */,
			);
			defaultConfigurationIsVisible = 0;
		};
/* End XCConfigurationList section */
	};
	rootObject = 59040F631E6077680089CE75 /* Project object */;
}
